{
  "name": "predix-nodejs-starter",
  "version": "1.1.102",
  "lockfileVersion": 1,
  "requires": true,
  "dependencies": {
    "agent-base": {
      "version": "2.1.1",
      "resolved": "https://repo.jenkins.build.ge.com:443/artifactory/api/npm/npm-virtual/agent-base/-/agent-base-2.1.1.tgz",
      "integrity": "sha1-1t4Q1a9hMtW9aSQn1G/FOFOQlMc=",
      "requires": {
        "extend": "3.0.1",
        "semver": "5.0.3"
      }
    },
    "extend": {
      "version": "3.0.1",
      "resolved": "https://repo.jenkins.build.ge.com:443/artifactory/api/npm/npm-virtual/extend/-/extend-3.0.1.tgz",
      "integrity": "sha1-p1Xqe8Gt/MWjHOfnYtuq3F5jZEQ="
    },
    "ms": {
      "version": "2.0.0",
      "resolved": "https://repo.jenkins.build.ge.com:443/artifactory/api/npm/npm-virtual/ms/-/ms-2.0.0.tgz",
      "integrity": "sha1-VgiurfwAvmwpAd9fmGF4jeDVl8g="
    },
    "oauth": {
      "version": "0.9.15",
      "resolved": "https://repo.jenkins.build.ge.com:443/artifactory/api/npm/npm-virtual/oauth/-/oauth-0.9.15.tgz",
      "integrity": "sha1-vR/vr2hslrdUda7VGWQS/2DPucE="
    },
    "passport-oauth": {
      "version": "0.1.15",
      "resolved": "https://repo.jenkins.build.ge.com:443/artifactory/api/npm/npm-virtual/passport-oauth/-/passport-oauth-0.1.15.tgz",
      "integrity": "sha1-+3Tgr+hGFL+iVsX8cWzFa7/IzsA=",
      "requires": {
        "oauth": "0.9.15",
        "passport": "0.1.18",
        "pkginfo": "0.2.3"
      },
      "dependencies": {
        "passport": {
          "version": "0.1.18",
          "resolved": "https://repo.jenkins.build.ge.com:443/artifactory/api/npm/npm-virtual/passport/-/passport-0.1.18.tgz",
          "integrity": "sha1-yCZEedy2QUytu2Z1LRKzfgtlJaE=",
          "requires": {
            "pause": "0.0.1",
            "pkginfo": "0.2.3"
          }
        }
      }
    },
    "passport-predix-oauth": {
      "version": "0.1.15",
      "resolved": "https://repo.jenkins.build.ge.com:443/artifactory/api/npm/npm-virtual/passport-predix-oauth/-/passport-predix-oauth-0.1.15.tgz",
      "integrity": "sha1-iFKmH3l9ZIdglRwnA++34hxx3KE=",
      "requires": {
        "https-proxy-agent": "1.0.0",
        "passport-oauth": "0.1.15",
        "pkginfo": "0.2.3"
      },
      "dependencies": {
        "debug": {
          "version": "2.6.8",
          "resolved": "https://repo.jenkins.build.ge.com:443/artifactory/api/npm/npm-virtual/debug/-/debug-2.6.8.tgz",
          "integrity": "sha1-5zFTHKLt4n0YgiJCfaF4IdaP9Pw=",
          "requires": {
            "ms": "2.0.0"
          }
        },
        "https-proxy-agent": {
          "version": "1.0.0",
          "resolved": "https://repo.jenkins.build.ge.com:443/artifactory/api/npm/npm-virtual/https-proxy-agent/-/https-proxy-agent-1.0.0.tgz",
          "integrity": "sha1-NffabEjOTdv6JkiRrFk+5f+GceY=",
          "requires": {
            "agent-base": "2.1.1",
            "debug": "2.6.8",
            "extend": "3.0.1"
          }
        }
      }
    },
    "pause": {
      "version": "0.0.1",
      "resolved": "https://repo.jenkins.build.ge.com:443/artifactory/api/npm/npm-virtual/pause/-/pause-0.0.1.tgz",
      "integrity": "sha1-HUCLP9t2kjuVQ9lvtMnf1TXZy10="
    },
    "pkginfo": {
      "version": "0.2.3",
      "resolved": "https://repo.jenkins.build.ge.com:443/artifactory/api/npm/npm-virtual/pkginfo/-/pkginfo-0.2.3.tgz",
      "integrity": "sha1-cjnEKl72wwuPMoQ52bn/cQQkkPg="
    },
    "semver": {
      "version": "5.0.3",
      "resolved": "https://repo.jenkins.build.ge.com:443/artifactory/api/npm/npm-virtual/semver/-/semver-5.0.3.tgz",
      "integrity": "sha1-d0Zt5YnNXTyV8TiqeLxWmjy10no="
    }
  }
}
